// !$*UTF8*$!
{
	archiveVersion = 1;
	classes = {
	};
	objectVersion = 52;
	objects = {

/* Begin PBXBuildFile section */
		5F10E99925F338BF00E80781 /* AppDelegate.swift in Sources */ = {isa = PBXBuildFile; fileRef = 5F10E99825F338BF00E80781 /* AppDelegate.swift */; };
		5F10E99B25F338BF00E80781 /* SceneDelegate.swift in Sources */ = {isa = PBXBuildFile; fileRef = 5F10E99A25F338BF00E80781 /* SceneDelegate.swift */; };
		5F10E99D25F338BF00E80781 /* ContentView.swift in Sources */ = {isa = PBXBuildFile; fileRef = 5F10E99C25F338BF00E80781 /* ContentView.swift */; };
		5F10E9A025F338BF00E80781 /* iOS_Networking__Employee_.xcdatamodeld in Sources */ = {isa = PBXBuildFile; fileRef = 5F10E99E25F338BF00E80781 /* iOS_Networking__Employee_.xcdatamodeld */; };
		5F10E9A225F338C100E80781 /* Assets.xcassets in Resources */ = {isa = PBXBuildFile; fileRef = 5F10E9A125F338C100E80781 /* Assets.xcassets */; };
		5F10E9A525F338C100E80781 /* Preview Assets.xcassets in Resources */ = {isa = PBXBuildFile; fileRef = 5F10E9A425F338C100E80781 /* Preview Assets.xcassets */; };
		5F10E9A825F338C100E80781 /* LaunchScreen.storyboard in Resources */ = {isa = PBXBuildFile; fileRef = 5F10E9A625F338C100E80781 /* LaunchScreen.storyboard */; };
		5F10E9B325F338C200E80781 /* iOS_Networking__Employee_Tests.swift in Sources */ = {isa = PBXBuildFile; fileRef = 5F10E9B225F338C200E80781 /* iOS_Networking__Employee_Tests.swift */; };
		5F10E9BE25F338C200E80781 /* iOS_Networking__Employee_UITests.swift in Sources */ = {isa = PBXBuildFile; fileRef = 5F10E9BD25F338C200E80781 /* iOS_Networking__Employee_UITests.swift */; };
		5F10E9D625F338FF00E80781 /* Employee.swift in Sources */ = {isa = PBXBuildFile; fileRef = 5F10E9D525F338FF00E80781 /* Employee.swift */; };
		5F10E9DE25F3391F00E80781 /* AFHttp.swift in Sources */ = {isa = PBXBuildFile; fileRef = 5F10E9DD25F3391F00E80781 /* AFHttp.swift */; };
		5F10E9E325F3393800E80781 /* PostViewModel.swift in Sources */ = {isa = PBXBuildFile; fileRef = 5F10E9E225F3393800E80781 /* PostViewModel.swift */; };
		5F10E9EC25F33A2100E80781 /* Alamofire in Frameworks */ = {isa = PBXBuildFile; productRef = 5F10E9EB25F33A2100E80781 /* Alamofire */; };
/* End PBXBuildFile section */

/* Begin PBXContainerItemProxy section */
		5F10E9AF25F338C200E80781 /* PBXContainerItemProxy */ = {
			isa = PBXContainerItemProxy;
			containerPortal = 5F10E98D25F338BF00E80781 /* Project object */;
			proxyType = 1;
			remoteGlobalIDString = 5F10E99425F338BF00E80781;
			remoteInfo = "iOS_Networking_(Employee)";
		};
		5F10E9BA25F338C200E80781 /* PBXContainerItemProxy */ = {
			isa = PBXContainerItemProxy;
			containerPortal = 5F10E98D25F338BF00E80781 /* Project object */;
			proxyType = 1;
			remoteGlobalIDString = 5F10E99425F338BF00E80781;
			remoteInfo = "iOS_Networking_(Employee)";
		};
/* End PBXContainerItemProxy section */

/* Begin PBXFileReference section */
		5F10E99525F338BF00E80781 /* iOS_Networking_(Employee).app */ = {isa = PBXFileReference; explicitFileType = wrapper.application; includeInIndex = 0; path = "iOS_Networking_(Employee).app"; sourceTree = BUILT_PRODUCTS_DIR; };
		5F10E99825F338BF00E80781 /* AppDelegate.swift */ = {isa = PBXFileReference; lastKnownFileType = sourcecode.swift; path = AppDelegate.swift; sourceTree = "<group>"; };
		5F10E99A25F338BF00E80781 /* SceneDelegate.swift */ = {isa = PBXFileReference; lastKnownFileType = sourcecode.swift; path = SceneDelegate.swift; sourceTree = "<group>"; };
		5F10E99C25F338BF00E80781 /* ContentView.swift */ = {isa = PBXFileReference; lastKnownFileType = sourcecode.swift; path = ContentView.swift; sourceTree = "<group>"; };
		5F10E99F25F338BF00E80781 /* iOS_Networking__Employee_.xcdatamodel */ = {isa = PBXFileReference; lastKnownFileType = wrapper.xcdatamodel; path = iOS_Networking__Employee_.xcdatamodel; sourceTree = "<group>"; };
		5F10E9A125F338C100E80781 /* Assets.xcassets */ = {isa = PBXFileReference; lastKnownFileType = folder.assetcatalog; path = Assets.xcassets; sourceTree = "<group>"; };
		5F10E9A425F338C100E80781 /* Preview Assets.xcassets */ = {isa = PBXFileReference; lastKnownFileType = folder.assetcatalog; path = "Preview Assets.xcassets"; sourceTree = "<group>"; };
		5F10E9A725F338C100E80781 /* Base */ = {isa = PBXFileReference; lastKnownFileType = file.storyboard; name = Base; path = Base.lproj/LaunchScreen.storyboard; sourceTree = "<group>"; };
		5F10E9A925F338C100E80781 /* Info.plist */ = {isa = PBXFileReference; lastKnownFileType = text.plist.xml; path = Info.plist; sourceTree = "<group>"; };
		5F10E9AE25F338C200E80781 /* iOS_Networking_(Employee)Tests.xctest */ = {isa = PBXFileReference; explicitFileType = wrapper.cfbundle; includeInIndex = 0; path = "iOS_Networking_(Employee)Tests.xctest"; sourceTree = BUILT_PRODUCTS_DIR; };
		5F10E9B225F338C200E80781 /* iOS_Networking__Employee_Tests.swift */ = {isa = PBXFileReference; lastKnownFileType = sourcecode.swift; path = iOS_Networking__Employee_Tests.swift; sourceTree = "<group>"; };
		5F10E9B425F338C200E80781 /* Info.plist */ = {isa = PBXFileReference; lastKnownFileType = text.plist.xml; path = Info.plist; sourceTree = "<group>"; };
		5F10E9B925F338C200E80781 /* iOS_Networking_(Employee)UITests.xctest */ = {isa = PBXFileReference; explicitFileType = wrapper.cfbundle; includeInIndex = 0; path = "iOS_Networking_(Employee)UITests.xctest"; sourceTree = BUILT_PRODUCTS_DIR; };
		5F10E9BD25F338C200E80781 /* iOS_Networking__Employee_UITests.swift */ = {isa = PBXFileReference; lastKnownFileType = sourcecode.swift; path = iOS_Networking__Employee_UITests.swift; sourceTree = "<group>"; };
		5F10E9BF25F338C200E80781 /* Info.plist */ = {isa = PBXFileReference; lastKnownFileType = text.plist.xml; path = Info.plist; sourceTree = "<group>"; };
		5F10E9D525F338FF00E80781 /* Employee.swift */ = {isa = PBXFileReference; lastKnownFileType = sourcecode.swift; path = Employee.swift; sourceTree = "<group>"; };
		5F10E9DD25F3391F00E80781 /* AFHttp.swift */ = {isa = PBXFileReference; lastKnownFileType = sourcecode.swift; path = AFHttp.swift; sourceTree = "<group>"; };
		5F10E9E225F3393800E80781 /* PostViewModel.swift */ = {isa = PBXFileReference; lastKnownFileType = sourcecode.swift; path = PostViewModel.swift; sourceTree = "<group>"; };
/* End PBXFileReference section */

/* Begin PBXFrameworksBuildPhase section */
		5F10E99225F338BF00E80781 /* Frameworks */ = {
			isa = PBXFrameworksBuildPhase;
			buildActionMask = 2147483647;
			files = (
				5F10E9EC25F33A2100E80781 /* Alamofire in Frameworks */,
			);
			runOnlyForDeploymentPostprocessing = 0;
		};
		5F10E9AB25F338C200E80781 /* Frameworks */ = {
			isa = PBXFrameworksBuildPhase;
			buildActionMask = 2147483647;
			files = (
			);
			runOnlyForDeploymentPostprocessing = 0;
		};
		5F10E9B625F338C200E80781 /* Frameworks */ = {
			isa = PBXFrameworksBuildPhase;
			buildActionMask = 2147483647;
			files = (
			);
			runOnlyForDeploymentPostprocessing = 0;
		};
/* End PBXFrameworksBuildPhase section */

/* Begin PBXGroup section */
		5F10E98C25F338BF00E80781 = {
			isa = PBXGroup;
			children = (
				5F10E99725F338BF00E80781 /* iOS_Networking_(Employee) */,
				5F10E9B125F338C200E80781 /* iOS_Networking_(Employee)Tests */,
				5F10E9BC25F338C200E80781 /* iOS_Networking_(Employee)UITests */,
				5F10E99625F338BF00E80781 /* Products */,
			);
			sourceTree = "<group>";
		};
		5F10E99625F338BF00E80781 /* Products */ = {
			isa = PBXGroup;
			children = (
				5F10E99525F338BF00E80781 /* iOS_Networking_(Employee).app */,
				5F10E9AE25F338C200E80781 /* iOS_Networking_(Employee)Tests.xctest */,
				5F10E9B925F338C200E80781 /* iOS_Networking_(Employee)UITests.xctest */,
			);
			name = Products;
			sourceTree = "<group>";
		};
		5F10E99725F338BF00E80781 /* iOS_Networking_(Employee) */ = {
			isa = PBXGroup;
			children = (
				5F10E9D425F338E800E80781 /* viewmodel */,
				5F10E9D325F338E000E80781 /* networking */,
				5F10E9D225F338D400E80781 /* models */,
				5F10E9CE25F338CD00E80781 /* screens */,
				5F10E99A25F338BF00E80781 /* SceneDelegate.swift */,
				5F10E99825F338BF00E80781 /* AppDelegate.swift */,
				5F10E9A125F338C100E80781 /* Assets.xcassets */,
				5F10E9A625F338C100E80781 /* LaunchScreen.storyboard */,
				5F10E9A925F338C100E80781 /* Info.plist */,
				5F10E99E25F338BF00E80781 /* iOS_Networking__Employee_.xcdatamodeld */,
				5F10E9A325F338C100E80781 /* Preview Content */,
			);
			path = "iOS_Networking_(Employee)";
			sourceTree = "<group>";
		};
		5F10E9A325F338C100E80781 /* Preview Content */ = {
			isa = PBXGroup;
			children = (
				5F10E9A425F338C100E80781 /* Preview Assets.xcassets */,
			);
			path = "Preview Content";
			sourceTree = "<group>";
		};
		5F10E9B125F338C200E80781 /* iOS_Networking_(Employee)Tests */ = {
			isa = PBXGroup;
			children = (
				5F10E9B225F338C200E80781 /* iOS_Networking__Employee_Tests.swift */,
				5F10E9B425F338C200E80781 /* Info.plist */,
			);
			path = "iOS_Networking_(Employee)Tests";
			sourceTree = "<group>";
		};
		5F10E9BC25F338C200E80781 /* iOS_Networking_(Employee)UITests */ = {
			isa = PBXGroup;
			children = (
				5F10E9BD25F338C200E80781 /* iOS_Networking__Employee_UITests.swift */,
				5F10E9BF25F338C200E80781 /* Info.plist */,
			);
			path = "iOS_Networking_(Employee)UITests";
			sourceTree = "<group>";
		};
		5F10E9CE25F338CD00E80781 /* screens */ = {
			isa = PBXGroup;
			children = (
				5F10E99C25F338BF00E80781 /* ContentView.swift */,
			);
			path = screens;
			sourceTree = "<group>";
		};
		5F10E9D225F338D400E80781 /* models */ = {
			isa = PBXGroup;
			children = (
				5F10E9D525F338FF00E80781 /* Employee.swift */,
			);
			path = models;
			sourceTree = "<group>";
		};
		5F10E9D325F338E000E80781 /* networking */ = {
			isa = PBXGroup;
			children = (
				5F10E9DD25F3391F00E80781 /* AFHttp.swift */,
			);
			path = networking;
			sourceTree = "<group>";
		};
		5F10E9D425F338E800E80781 /* viewmodel */ = {
			isa = PBXGroup;
			children = (
				5F10E9E225F3393800E80781 /* PostViewModel.swift */,
			);
			path = viewmodel;
			sourceTree = "<group>";
		};
/* End PBXGroup section */

/* Begin PBXNativeTarget section */
		5F10E99425F338BF00E80781 /* iOS_Networking_(Employee) */ = {
			isa = PBXNativeTarget;
			buildConfigurationList = 5F10E9C225F338C200E80781 /* Build configuration list for PBXNativeTarget "iOS_Networking_(Employee)" */;
			buildPhases = (
				5F10E99125F338BF00E80781 /* Sources */,
				5F10E99225F338BF00E80781 /* Frameworks */,
				5F10E99325F338BF00E80781 /* Resources */,
			);
			buildRules = (
			);
			dependencies = (
			);
			name = "iOS_Networking_(Employee)";
			packageProductDependencies = (
				5F10E9EB25F33A2100E80781 /* Alamofire */,
			);
			productName = "iOS_Networking_(Employee)";
			productReference = 5F10E99525F338BF00E80781 /* iOS_Networking_(Employee).app */;
			productType = "com.apple.product-type.application";
		};
		5F10E9AD25F338C200E80781 /* iOS_Networking_(Employee)Tests */ = {
			isa = PBXNativeTarget;
			buildConfigurationList = 5F10E9C525F338C200E80781 /* Build configuration list for PBXNativeTarget "iOS_Networking_(Employee)Tests" */;
			buildPhases = (
				5F10E9AA25F338C200E80781 /* Sources */,
				5F10E9AB25F338C200E80781 /* Frameworks */,
				5F10E9AC25F338C200E80781 /* Resources */,
			);
			buildRules = (
			);
			dependencies = (
				5F10E9B025F338C200E80781 /* PBXTargetDependency */,
			);
			name = "iOS_Networking_(Employee)Tests";
			productName = "iOS_Networking_(Employee)Tests";
			productReference = 5F10E9AE25F338C200E80781 /* iOS_Networking_(Employee)Tests.xctest */;
			productType = "com.apple.product-type.bundle.unit-test";
		};
		5F10E9B825F338C200E80781 /* iOS_Networking_(Employee)UITests */ = {
			isa = PBXNativeTarget;
			buildConfigurationList = 5F10E9C825F338C200E80781 /* Build configuration list for PBXNativeTarget "iOS_Networking_(Employee)UITests" */;
			buildPhases = (
				5F10E9B525F338C200E80781 /* Sources */,
				5F10E9B625F338C200E80781 /* Frameworks */,
				5F10E9B725F338C200E80781 /* Resources */,
			);
			buildRules = (
			);
			dependencies = (
				5F10E9BB25F338C200E80781 /* PBXTargetDependency */,
			);
			name = "iOS_Networking_(Employee)UITests";
			productName = "iOS_Networking_(Employee)UITests";
			productReference = 5F10E9B925F338C200E80781 /* iOS_Networking_(Employee)UITests.xctest */;
			productType = "com.apple.product-type.bundle.ui-testing";
		};
/* End PBXNativeTarget section */

/* Begin PBXProject section */
		5F10E98D25F338BF00E80781 /* Project object */ = {
			isa = PBXProject;
			attributes = {
				LastSwiftUpdateCheck = 1230;
				LastUpgradeCheck = 1230;
				TargetAttributes = {
					5F10E99425F338BF00E80781 = {
						CreatedOnToolsVersion = 12.3;
					};
					5F10E9AD25F338C200E80781 = {
						CreatedOnToolsVersion = 12.3;
						TestTargetID = 5F10E99425F338BF00E80781;
					};
					5F10E9B825F338C200E80781 = {
						CreatedOnToolsVersion = 12.3;
						TestTargetID = 5F10E99425F338BF00E80781;
					};
				};
			};
			buildConfigurationList = 5F10E99025F338BF00E80781 /* Build configuration list for PBXProject "iOS_Networking_(Employee)" */;
			compatibilityVersion = "Xcode 9.3";
			developmentRegion = en;
			hasScannedForEncodings = 0;
			knownRegions = (
				en,
				Base,
			);
			mainGroup = 5F10E98C25F338BF00E80781;
			packageReferences = (
				5F10E9EA25F33A2100E80781 /* XCRemoteSwiftPackageReference "Alamofire" */,
			);
			productRefGroup = 5F10E99625F338BF00E80781 /* Products */;
			projectDirPath = "";
			projectRoot = "";
			targets = (
				5F10E99425F338BF00E80781 /* iOS_Networking_(Employee) */,
				5F10E9AD25F338C200E80781 /* iOS_Networking_(Employee)Tests */,
				5F10E9B825F338C200E80781 /* iOS_Networking_(Employee)UITests */,
			);
		};
/* End PBXProject section */

/* Begin PBXResourcesBuildPhase section */
		5F10E99325F338BF00E80781 /* Resources */ = {
			isa = PBXResourcesBuildPhase;
			buildActionMask = 2147483647;
			files = (
				5F10E9A825F338C100E80781 /* LaunchScreen.storyboard in Resources */,
				5F10E9A525F338C100E80781 /* Preview Assets.xcassets in Resources */,
				5F10E9A225F338C100E80781 /* Assets.xcassets in Resources */,
			);
			runOnlyForDeploymentPostprocessing = 0;
		};
		5F10E9AC25F338C200E80781 /* Resources */ = {
			isa = PBXResourcesBuildPhase;
			buildActionMask = 2147483647;
			files = (
			);
			runOnlyForDeploymentPostprocessing = 0;
		};
		5F10E9B725F338C200E80781 /* Resources */ = {
			isa = PBXResourcesBuildPhase;
			buildActionMask = 2147483647;
			files = (
			);
			runOnlyForDeploymentPostprocessing = 0;
		};
/* End PBXResourcesBuildPhase section */

/* Begin PBXSourcesBuildPhase section */
		5F10E99125F338BF00E80781 /* Sources */ = {
			isa = PBXSourcesBuildPhase;
			buildActionMask = 2147483647;
			files = (
				5F10E9DE25F3391F00E80781 /* AFHttp.swift in Sources */,
				5F10E9E325F3393800E80781 /* PostViewModel.swift in Sources */,
				5F10E99925F338BF00E80781 /* AppDelegate.swift in Sources */,
				5F10E9A025F338BF00E80781 /* iOS_Networking__Employee_.xcdatamodeld in Sources */,
				5F10E99B25F338BF00E80781 /* SceneDelegate.swift in Sources */,
				5F10E9D625F338FF00E80781 /* Employee.swift in Sources */,
				5F10E99D25F338BF00E80781 /* ContentView.swift in Sources */,
			);
			runOnlyForDeploymentPostprocessing = 0;
		};
		5F10E9AA25F338C200E80781 /* Sources */ = {
			isa = PBXSourcesBuildPhase;
			buildActionMask = 2147483647;
			files = (
				5F10E9B325F338C200E80781 /* iOS_Networking__Employee_Tests.swift in Sources */,
			);
			runOnlyForDeploymentPostprocessing = 0;
		};
		5F10E9B525F338C200E80781 /* Sources */ = {
			isa = PBXSourcesBuildPhase;
			buildActionMask = 2147483647;
			files = (
				5F10E9BE25F338C200E80781 /* iOS_Networking__Employee_UITests.swift in Sources */,
			);
			runOnlyForDeploymentPostprocessing = 0;
		};
/* End PBXSourcesBuildPhase section */

/* Begin PBXTargetDependency section */
		5F10E9B025F338C200E80781 /* PBXTargetDependency */ = {
			isa = PBXTargetDependency;
			target = 5F10E99425F338BF00E80781 /* iOS_Networking_(Employee) */;
			targetProxy = 5F10E9AF25F338C200E80781 /* PBXContainerItemProxy */;
		};
		5F10E9BB25F338C200E80781 /* PBXTargetDependency */ = {
			isa = PBXTargetDependency;
			target = 5F10E99425F338BF00E80781 /* iOS_Networking_(Employee) */;
			targetProxy = 5F10E9BA25F338C200E80781 /* PBXContainerItemProxy */;
		};
/* End PBXTargetDependency section */

/* Begin PBXVariantGroup section */
		5F10E9A625F338C100E80781 /* LaunchScreen.storyboard */ = {
			isa = PBXVariantGroup;
			children = (
				5F10E9A725F338C100E80781 /* Base */,
			);
			name = LaunchScreen.storyboard;
			sourceTree = "<group>";
		};
/* End PBXVariantGroup section */

/* Begin XCBuildConfiguration section */
		5F10E9C025F338C200E80781 /* Debug */ = {
			isa = XCBuildConfiguration;
			buildSettings = {
				ALWAYS_SEARCH_USER_PATHS = NO;
				CLANG_ANALYZER_NONNULL = YES;
				CLANG_ANALYZER_NUMBER_OBJECT_CONVERSION = YES_AGGRESSIVE;
				CLANG_CXX_LANGUAGE_STANDARD = "gnu++14";
				CLANG_CXX_LIBRARY = "libc++";
				CLANG_ENABLE_MODULES = YES;
				CLANG_ENABLE_OBJC_ARC = YES;
				CLANG_ENABLE_OBJC_WEAK = YES;
				CLANG_WARN_BLOCK_CAPTURE_AUTORELEASING = YES;
				CLANG_WARN_BOOL_CONVERSION = YES;
				CLANG_WARN_COMMA = YES;
				CLANG_WARN_CONSTANT_CONVERSION = YES;
				CLANG_WARN_DEPRECATED_OBJC_IMPLEMENTATIONS = YES;
				CLANG_WARN_DIRECT_OBJC_ISA_USAGE = YES_ERROR;
				CLANG_WARN_DOCUMENTATION_COMMENTS = YES;
				CLANG_WARN_EMPTY_BODY = YES;
				CLANG_WARN_ENUM_CONVERSION = YES;
				CLANG_WARN_INFINITE_RECURSION = YES;
				CLANG_WARN_INT_CONVERSION = YES;
				CLANG_WARN_NON_LITERAL_NULL_CONVERSION = YES;
				CLANG_WARN_OBJC_IMPLICIT_RETAIN_SELF = YES;
				CLANG_WARN_OBJC_LITERAL_CONVERSION = YES;
				CLANG_WARN_OBJC_ROOT_CLASS = YES_ERROR;
				CLANG_WARN_QUOTED_INCLUDE_IN_FRAMEWORK_HEADER = YES;
				CLANG_WARN_RANGE_LOOP_ANALYSIS = YES;
				CLANG_WARN_STRICT_PROTOTYPES = YES;
				CLANG_WARN_SUSPICIOUS_MOVE = YES;
				CLANG_WARN_UNGUARDED_AVAILABILITY = YES_AGGRESSIVE;
				CLANG_WARN_UNREACHABLE_CODE = YES;
				CLANG_WARN__DUPLICATE_METHOD_MATCH = YES;
				COPY_PHASE_STRIP = NO;
				DEBUG_INFORMATION_FORMAT = dwarf;
				ENABLE_STRICT_OBJC_MSGSEND = YES;
				ENABLE_TESTABILITY = YES;
				GCC_C_LANGUAGE_STANDARD = gnu11;
				GCC_DYNAMIC_NO_PIC = NO;
				GCC_NO_COMMON_BLOCKS = YES;
				GCC_OPTIMIZATION_LEVEL = 0;
				GCC_PREPROCESSOR_DEFINITIONS = (
					"DEBUG=1",
					"$(inherited)",
				);
				GCC_WARN_64_TO_32_BIT_CONVERSION = YES;
				GCC_WARN_ABOUT_RETURN_TYPE = YES_ERROR;
				GCC_WARN_UNDECLARED_SELECTOR = YES;
				GCC_WARN_UNINITIALIZED_AUTOS = YES_AGGRESSIVE;
				GCC_WARN_UNUSED_FUNCTION = YES;
				GCC_WARN_UNUSED_VARIABLE = YES;
				IPHONEOS_DEPLOYMENT_TARGET = 14.3;
				MTL_ENABLE_DEBUG_INFO = INCLUDE_SOURCE;
				MTL_FAST_MATH = YES;
				ONLY_ACTIVE_ARCH = YES;
				SDKROOT = iphoneos;
				SWIFT_ACTIVE_COMPILATION_CONDITIONS = DEBUG;
				SWIFT_OPTIMIZATION_LEVEL = "-Onone";
			};
			name = Debug;
		};
		5F10E9C125F338C200E80781 /* Release */ = {
			isa = XCBuildConfiguration;
			buildSettings = {
				ALWAYS_SEARCH_USER_PATHS = NO;
				CLANG_ANALYZER_NONNULL = YES;
				CLANG_ANALYZER_NUMBER_OBJECT_CONVERSION = YES_AGGRESSIVE;
				CLANG_CXX_LANGUAGE_STANDARD = "gnu++14";
				CLANG_CXX_LIBRARY = "libc++";
				CLANG_ENABLE_MODULES = YES;
				CLANG_ENABLE_OBJC_ARC = YES;
				CLANG_ENABLE_OBJC_WEAK = YES;
				CLANG_WARN_BLOCK_CAPTURE_AUTORELEASING = YES;
				CLANG_WARN_BOOL_CONVERSION = YES;
				CLANG_WARN_COMMA = YES;
				CLANG_WARN_CONSTANT_CONVERSION = YES;
				CLANG_WARN_DEPRECATED_OBJC_IMPLEMENTATIONS = YES;
				CLANG_WARN_DIRECT_OBJC_ISA_USAGE = YES_ERROR;
				CLANG_WARN_DOCUMENTATION_COMMENTS = YES;
				CLANG_WARN_EMPTY_BODY = YES;
				CLANG_WARN_ENUM_CONVERSION = YES;
				CLANG_WARN_INFINITE_RECURSION = YES;
				CLANG_WARN_INT_CONVERSION = YES;
				CLANG_WARN_NON_LITERAL_NULL_CONVERSION = YES;
				CLANG_WARN_OBJC_IMPLICIT_RETAIN_SELF = YES;
				CLANG_WARN_OBJC_LITERAL_CONVERSION = YES;
				CLANG_WARN_OBJC_ROOT_CLASS = YES_ERROR;
				CLANG_WARN_QUOTED_INCLUDE_IN_FRAMEWORK_HEADER = YES;
				CLANG_WARN_RANGE_LOOP_ANALYSIS = YES;
				CLANG_WARN_STRICT_PROTOTYPES = YES;
				CLANG_WARN_SUSPICIOUS_MOVE = YES;
				CLANG_WARN_UNGUARDED_AVAILABILITY = YES_AGGRESSIVE;
				CLANG_WARN_UNREACHABLE_CODE = YES;
				CLANG_WARN__DUPLICATE_METHOD_MATCH = YES;
				COPY_PHASE_STRIP = NO;
				DEBUG_INFORMATION_FORMAT = "dwarf-with-dsym";
				ENABLE_NS_ASSERTIONS = NO;
				ENABLE_STRICT_OBJC_MSGSEND = YES;
				GCC_C_LANGUAGE_STANDARD = gnu11;
				GCC_NO_COMMON_BLOCKS = YES;
				GCC_WARN_64_TO_32_BIT_CONVERSION = YES;
				GCC_WARN_ABOUT_RETURN_TYPE = YES_ERROR;
				GCC_WARN_UNDECLARED_SELECTOR = YES;
				GCC_WARN_UNINITIALIZED_AUTOS = YES_AGGRESSIVE;
				GCC_WARN_UNUSED_FUNCTION = YES;
				GCC_WARN_UNUSED_VARIABLE = YES;
				IPHONEOS_DEPLOYMENT_TARGET = 14.3;
				MTL_ENABLE_DEBUG_INFO = NO;
				MTL_FAST_MATH = YES;
				SDKROOT = iphoneos;
				SWIFT_COMPILATION_MODE = wholemodule;
				SWIFT_OPTIMIZATION_LEVEL = "-O";
				VALIDATE_PRODUCT = YES;
			};
			name = Release;
		};
		5F10E9C325F338C200E80781 /* Debug */ = {
			isa = XCBuildConfiguration;
			buildSettings = {
				ASSETCATALOG_COMPILER_APPICON_NAME = AppIcon;
				ASSETCATALOG_COMPILER_GLOBAL_ACCENT_COLOR_NAME = AccentColor;
				CODE_SIGN_STYLE = Automatic;
				DEVELOPMENT_ASSET_PATHS = "\"iOS_Networking_(Employee)/Preview Content\"";
				ENABLE_PREVIEWS = YES;
				INFOPLIST_FILE = "iOS_Networking_(Employee)/Info.plist";
				LD_RUNPATH_SEARCH_PATHS = (
					"$(inherited)",
					"@executable_path/Frameworks",
				);
				PRODUCT_BUNDLE_IDENTIFIER = "mrdunacdtm-gmail.com.iOS-Networking--Employee-";
				PRODUCT_NAME = "$(TARGET_NAME)";
				SWIFT_VERSION = 5.0;
				TARGETED_DEVICE_FAMILY = "1,2";
			};
			name = Debug;
		};
		5F10E9C425F338C200E80781 /* Release */ = {
			isa = XCBuildConfiguration;
			buildSettings = {
				ASSETCATALOG_COMPILER_APPICON_NAME = AppIcon;
				ASSETCATALOG_COMPILER_GLOBAL_ACCENT_COLOR_NAME = AccentColor;
				CODE_SIGN_STYLE = Automatic;
				DEVELOPMENT_ASSET_PATHS = "\"iOS_Networking_(Employee)/Preview Content\"";
				ENABLE_PREVIEWS = YES;
				INFOPLIST_FILE = "iOS_Networking_(Employee)/Info.plist";
				LD_RUNPATH_SEARCH_PATHS = (
					"$(inherited)",
					"@executable_path/Frameworks",
				);
				PRODUCT_BUNDLE_IDENTIFIER = "mrdunacdtm-gmail.com.iOS-Networking--Employee-";
				PRODUCT_NAME = "$(TARGET_NAME)";
				SWIFT_VERSION = 5.0;
				TARGETED_DEVICE_FAMILY = "1,2";
			};
			name = Release;
		};
		5F10E9C625F338C200E80781 /* Debug */ = {
			isa = XCBuildConfiguration;
			buildSettings = {
				ALWAYS_EMBED_SWIFT_STANDARD_LIBRARIES = YES;
				BUNDLE_LOADER = "$(TEST_HOST)";
				CODE_SIGN_STYLE = Automatic;
				INFOPLIST_FILE = "iOS_Networking_(Employee)Tests/Info.plist";
				IPHONEOS_DEPLOYMENT_TARGET = 14.3;
				LD_RUNPATH_SEARCH_PATHS = (
					"$(inherited)",
					"@executable_path/Frameworks",
					"@loader_path/Frameworks",
				);
				PRODUCT_BUNDLE_IDENTIFIER = "mrdunacdtm-gmail.com.iOS-Networking--Employee-Tests";
				PRODUCT_NAME = "$(TARGET_NAME)";
				SWIFT_VERSION = 5.0;
				TARGETED_DEVICE_FAMILY = "1,2";
				TEST_HOST = "$(BUILT_PRODUCTS_DIR)/iOS_Networking_(Employee).app/iOS_Networking_(Employee)";
			};
			name = Debug;
		};
		5F10E9C725F338C200E80781 /* Release */ = {
			isa = XCBuildConfiguration;
			buildSettings = {
				ALWAYS_EMBED_SWIFT_STANDARD_LIBRARIES = YES;
				BUNDLE_LOADER = "$(TEST_HOST)";
				CODE_SIGN_STYLE = Automatic;
				INFOPLIST_FILE = "iOS_Networking_(Employee)Tests/Info.plist";
				IPHONEOS_DEPLOYMENT_TARGET = 14.3;
				LD_RUNPATH_SEARCH_PATHS = (
					"$(inherited)",
					"@executable_path/Frameworks",
					"@loader_path/Frameworks",
				);
				PRODUCT_BUNDLE_IDENTIFIER = "mrdunacdtm-gmail.com.iOS-Networking--Employee-Tests";
				PRODUCT_NAME = "$(TARGET_NAME)";
				SWIFT_VERSION = 5.0;
				TARGETED_DEVICE_FAMILY = "1,2";
				TEST_HOST = "$(BUILT_PRODUCTS_DIR)/iOS_Networking_(Employee).app/iOS_Networking_(Employee)";
			};
			name = Release;
		};
		5F10E9C925F338C200E80781 /* Debug */ = {
			isa = XCBuildConfiguration;
			buildSettings = {
				ALWAYS_EMBED_SWIFT_STANDARD_LIBRARIES = YES;
				CODE_SIGN_STYLE = Automatic;
				INFOPLIST_FILE = "iOS_Networking_(Employee)UITests/Info.plist";
				LD_RUNPATH_SEARCH_PATHS = (
					"$(inherited)",
					"@executable_path/Frameworks",
					"@loader_path/Frameworks",
				);
				PRODUCT_BUNDLE_IDENTIFIER = "mrdunacdtm-gmail.com.iOS-Networking--Employee-UITests";
				PRODUCT_NAME = "$(TARGET_NAME)";
				SWIFT_VERSION = 5.0;
				TARGETED_DEVICE_FAMILY = "1,2";
				TEST_TARGET_NAME = "iOS_Networking_(Employee)";
			};
			name = Debug;
		};
		5F10E9CA25F338C200E80781 /* Release */ = {
			isa = XCBuildConfiguration;
			buildSettings = {
				ALWAYS_EMBED_SWIFT_STANDARD_LIBRARIES = YES;
				CODE_SIGN_STYLE = Automatic;
				INFOPLIST_FILE = "iOS_Networking_(Employee)UITests/Info.plist";
				LD_RUNPATH_SEARCH_PATHS = (
					"$(inherited)",
					"@executable_path/Frameworks",
					"@loader_path/Frameworks",
				);
				PRODUCT_BUNDLE_IDENTIFIER = "mrdunacdtm-gmail.com.iOS-Networking--Employee-UITests";
				PRODUCT_NAME = "$(TARGET_NAME)";
				SWIFT_VERSION = 5.0;
				TARGETED_DEVICE_FAMILY = "1,2";
				TEST_TARGET_NAME = "iOS_Networking_(Employee)";
			};
			name = Release;
		};
/* End XCBuildConfiguration section */

/* Begin XCConfigurationList section */
		5F10E99025F338BF00E80781 /* Build configuration list for PBXProject "iOS_Networking_(Employee)" */ = {
			isa = XCConfigurationList;
			buildConfigurations = (
				5F10E9C025F338C200E80781 /* Debug */,
				5F10E9C125F338C200E80781 /* Release */,
			);
			defaultConfigurationIsVisible = 0;
			defaultConfigurationName = Release;
		};
		5F10E9C225F338C200E80781 /* Build configuration list for PBXNativeTarget "iOS_Networking_(Employee)" */ = {
			isa = XCConfigurationList;
			buildConfigurations = (
				5F10E9C325F338C200E80781 /* Debug */,
				5F10E9C425F338C200E80781 /* Release */,
			);
			defaultConfigurationIsVisible = 0;
			defaultConfigurationName = Release;
		};
		5F10E9C525F338C200E80781 /* Build configuration list for PBXNativeTarget "iOS_Networking_(Employee)Tests" */ = {
			isa = XCConfigurationList;
			buildConfigurations = (
				5F10E9C625F338C200E80781 /* Debug */,
				5F10E9C725F338C200E80781 /* Release */,
			);
			defaultConfigurationIsVisible = 0;
			defaultConfigurationName = Release;
		};
		5F10E9C825F338C200E80781 /* Build configuration list for PBXNativeTarget "iOS_Networking_(Employee)UITests" */ = {
			isa = XCConfigurationList;
			buildConfigurations = (
				5F10E9C925F338C200E80781 /* Debug */,
				5F10E9CA25F338C200E80781 /* Release */,
			);
			defaultConfigurationIsVisible = 0;
			defaultConfigurationName = Release;
		};
/* End XCConfigurationList section */

/* Begin XCRemoteSwiftPackageReference section */
		5F10E9EA25F33A2100E80781 /* XCRemoteSwiftPackageReference "Alamofire" */ = {
			isa = XCRemoteSwiftPackageReference;
			repositoryURL = "https://github.com/Alamofire/Alamofire.git";
			requirement = {
				kind = upToNextMajorVersion;
				minimumVersion = 5.4.1;
			};
		};
/* End XCRemoteSwiftPackageReference section */

/* Begin XCSwiftPackageProductDependency section */
		5F10E9EB25F33A2100E80781 /* Alamofire */ = {
			isa = XCSwiftPackageProductDependency;
			package = 5F10E9EA25F33A2100E80781 /* XCRemoteSwiftPackageReference "Alamofire" */;
			productName = Alamofire;
		};
/* End XCSwiftPackageProductDependency section */

/* Begin XCVersionGroup section */
		5F10E99E25F338BF00E80781 /* iOS_Networking__Employee_.xcdatamodeld */ = {
			isa = XCVersionGroup;
			children = (
				5F10E99F25F338BF00E80781 /* iOS_Networking__Employee_.xcdatamodel */,
			);
			currentVersion = 5F10E99F25F338BF00E80781 /* iOS_Networking__Employee_.xcdatamodel */;
			path = iOS_Networking__Employee_.xcdatamodeld;
			sourceTree = "<group>";
			versionGroupType = wrapper.xcdatamodel;
		};
/* End XCVersionGroup section */
	};
	rootObject = 5F10E98D25F338BF00E80781 /* Project object */;
}
